{
  "name": "here",
  "lockfileVersion": 2,
  "requires": true,
  "packages": {
    "": {
      "dependencies": {
        "logrocket": "^5.0.1"
      }
    },
    "node_modules/logrocket": {
      "version": "5.0.1",
      "resolved": "https://registry.npmjs.org/logrocket/-/logrocket-5.0.1.tgz",
      "integrity": "sha512-czWLcDkBJ+V/wooBQtPW76RAS2rszjsfkQumqPO3zPCQka8dcjsuGJxJhcxAuMZf5WDZd/zkvfDZCBJ6zeCQYg=="
    }
  },
  "dependencies": {
    "logrocket": {
      "version": "5.0.1",
      "resolved": "https://registry.npmjs.org/logrocket/-/logrocket-5.0.1.tgz",
      "integrity": "sha512-czWLcDkBJ+V/wooBQtPW76RAS2rszjsfkQumqPO3zPCQka8dcjsuGJxJhcxAuMZf5WDZd/zkvfDZCBJ6zeCQYg=="
    }
  }
}
